schema: '2.0'
stages:
  data_ingestion:
    cmd: python src/dataIngestion.py
    deps:
    - path: src/dataIngestion.py
      hash: md5
      md5: 37852d364029da921f48ddf593efab0e
      size: 3629
    params:
      params.yaml:
        data_ingestion.test_size: 0.4
    outs:
    - path: data/raw
      hash: md5
      md5: dae6e5dd2a6a74278c45ea73027dae3b.dir
      size: 484846
      nfiles: 2
  data_preprocessing:
    cmd: python src/dataPP.py
    deps:
    - path: data/raw
      hash: md5
      md5: dae6e5dd2a6a74278c45ea73027dae3b.dir
      size: 484846
      nfiles: 2
    - path: src/dataPP.py
      hash: md5
      md5: 8f564c2a5c5cfd62acb137652d5f49c0
      size: 4270
    params:
      params.yaml:
        feature_engineering.max_features: 45
    outs:
    - path: data/interim
      hash: md5
      md5: ad123b7e434866cde39f27c2b93dcb6f.dir
      size: 263856
      nfiles: 2
  feature_engineering:
    cmd: python src/featureEngine.py
    deps:
    - path: data/interim
      hash: md5
      md5: ad123b7e434866cde39f27c2b93dcb6f.dir
      size: 263856
      nfiles: 2
    - path: src/featureEngine.py
      hash: md5
      md5: f9a7c1c37404e65d7b9714c423022029
      size: 3931
    outs:
    - path: data/processed
      hash: md5
      md5: b6000fe1e9479faaa7f234091bbe9513.dir
      size: 1077953
      nfiles: 2
  model_building:
    cmd: python src/modelTraining.py
    deps:
    - path: data/processed
      hash: md5
      md5: b6000fe1e9479faaa7f234091bbe9513.dir
      size: 1077953
      nfiles: 2
    - path: src/modelTraining.py
      hash: md5
      md5: ccc2f43671448d8f89b82eba329c17c7
      size: 4138
    params:
      params.yaml:
        model_building.n_estimators: 30
        model_building.random_state: 3
    outs:
    - path: models/model.pkl
      hash: md5
      md5: a53df7992e1e571dd0ab44fc1c11f04f
      size: 938790
  model_evaluation:
    cmd: python src/modelEvaluation.py
    deps:
    - path: models/model.pkl
      hash: md5
      md5: a53df7992e1e571dd0ab44fc1c11f04f
      size: 938790
    - path: src/modelEvaluation.py
      hash: md5
      md5: 8b077ecf428c2dde85c1b41b324a6351
      size: 4582
    outs:
    - path: reports/metrics.json
      hash: md5
      md5: 61f119bcf7590e00af0aff42a1409c7c
      size: 145
