schema: '2.0'
stages:
  data_ingestion:
    cmd: python src/dataIngestion.py
    deps:
    - path: src/dataIngestion.py
      hash: md5
      md5: 37852d364029da921f48ddf593efab0e
      size: 3629
    params:
      params.yaml:
        data_ingestion.test_size: 0.55
    outs:
    - path: data/raw
      hash: md5
      md5: 831d0222806de876572207799d1476eb.dir
      size: 484846
      nfiles: 2
  data_preprocessing:
    cmd: python src/dataPP.py
    deps:
    - path: data/raw
      hash: md5
      md5: 831d0222806de876572207799d1476eb.dir
      size: 484846
      nfiles: 2
    - path: src/dataPP.py
      hash: md5
      md5: 8f564c2a5c5cfd62acb137652d5f49c0
      size: 4270
    params:
      params.yaml:
        feature_engineering.max_features: 45
    outs:
    - path: data/interim
      hash: md5
      md5: acecd58be37627e607d22aa7ab01a1c4.dir
      size: 264156
      nfiles: 2
  feature_engineering:
    cmd: python src/featureEngine.py
    deps:
    - path: data/interim
      hash: md5
      md5: acecd58be37627e607d22aa7ab01a1c4.dir
      size: 264156
      nfiles: 2
    - path: src/featureEngine.py
      hash: md5
      md5: f9a7c1c37404e65d7b9714c423022029
      size: 3931
    outs:
    - path: data/processed
      hash: md5
      md5: 43f6236e6b2cb3387c68f59257c4fe8b.dir
      size: 1078082
      nfiles: 2
  model_building:
    cmd: python src/modelTraining.py
    deps:
    - path: data/processed
      hash: md5
      md5: 43f6236e6b2cb3387c68f59257c4fe8b.dir
      size: 1078082
      nfiles: 2
    - path: src/modelTraining.py
      hash: md5
      md5: ccc2f43671448d8f89b82eba329c17c7
      size: 4138
    params:
      params.yaml:
        model_building.n_estimators: 20
        model_building.random_state: 2
    outs:
    - path: models/model.pkl
      hash: md5
      md5: 947fe49365b78e398fbc26b236dfb7df
      size: 537426
  model_evaluation:
    cmd: python src/modelEvaluation.py
    deps:
    - path: models/model.pkl
      hash: md5
      md5: 947fe49365b78e398fbc26b236dfb7df
      size: 537426
    - path: src/modelEvaluation.py
      hash: md5
      md5: 27fd85d3a1cb6de57b2956ceb42b977d
      size: 3603
    outs:
    - path: reports/metrics.json
      hash: md5
      md5: 89c617a2b3981e74d2dc812bfd4bd42b
      size: 144
